
Microsoft Visual Studio Solution File, Format Version 12.00
# Visual Studio Version 17
VisualStudioVersion = 17.14.36109.1
MinimumVisualStudioVersion = 10.0.40219.1
Project("{FAE04EC0-301F-11D3-BF4B-00C04F79EFBC}") = "KhoiProjectManagementApi", "KhoiProjectManagementApi\KhoiProjectManagementApi.csproj", "{67164755-823F-4545-B0D3-612D3A47E16A}"
EndProject
Project("{FAE04EC0-301F-11D3-BF4B-00C04F79EFBC}") = "KhoiProjectManagementApp", "KhoiProjectManagementApp\KhoiProjectManagementApp.csproj", "{22C315E6-0EA1-4CC0-8F18-8F6310F2C6A3}"
EndProject
Project("{FAE04EC0-301F-11D3-BF4B-00C04F79EFBC}") = "KhoiProjectManagement.Domain", "KhoiProjectManagement.Domain\KhoiProjectManagement.Domain.csproj", "{59465737-BC44-4301-B522-9BB6CB35824C}"
EndProject
Project("{FAE04EC0-301F-11D3-BF4B-00C04F79EFBC}") = "KhoiProjectManagement.Infrastructure", "KhoiProjectManagement.Infrastructure\KhoiProjectManagement.Infrastructure.csproj", "{EBE90A6C-1973-4F3D-9067-D649E1865B32}"
EndProject
Project("{FAE04EC0-301F-11D3-BF4B-00C04F79EFBC}") = "KhoiProjectManagement.Application", "KhoiProjectManagement.Application\KhoiProjectManagement.Application.csproj", "{6FC83A39-62A2-4925-8BD4-D2FA43223121}"
EndProject
Project("{FAE04EC0-301F-11D3-BF4B-00C04F79EFBC}") = "KhoiProjectManagement.Quartz", "KhoiProjectManagement.Quartz\KhoiProjectManagement.Quartz.csproj", "{52493AEB-55BE-49C9-98DF-669533791DCF}"
EndProject
Project("{2150E333-8FDC-42A3-9474-1A3956D46DE8}") = "tests", "tests", "{0AB3BF05-4346-4AA6-1389-037BE0695223}"
EndProject
Project("{FAE04EC0-301F-11D3-BF4B-00C04F79EFBC}") = "KhoiProjectManagement.UnitTests", "tests\KhoiProjectManagement.UnitTests\KhoiProjectManagement.UnitTests.csproj", "{CD7DB175-712A-43E4-8A58-E8A98FB30F83}"
EndProject
Project("{FAE04EC0-301F-11D3-BF4B-00C04F79EFBC}") = "KhoiProjectManagement.IntegrationTests", "tests\KhoiProjectManagement.IntegrationTests\KhoiProjectManagement.IntegrationTests.csproj", "{909ADBF3-867B-4FE7-9E9B-D501E2B86708}"
EndProject
Project("{FAE04EC0-301F-11D3-BF4B-00C04F79EFBC}") = "KhoiProjectManagement.FunctionalTests", "tests\KhoiProjectManagement.FunctionalTests\KhoiProjectManagement.FunctionalTests.csproj", "{FCD2717E-3BE8-4CE7-B33C-DEDEA6530AEF}"
EndProject
Project("{FAE04EC0-301F-11D3-BF4B-00C04F79EFBC}") = "KhoiProjectManagement.ArchitectureTests", "tests\KhoiProjectManagement.ArchitectureTests\KhoiProjectManagement.ArchitectureTests.csproj", "{ED2B6991-19B6-4545-860A-139DA20D7699}"
EndProject
Project("{FAE04EC0-301F-11D3-BF4B-00C04F79EFBC}") = "KhoiProjectManagement.Benchmarks", "KhoiProjectManagement.Benchmarks\KhoiProjectManagement.Benchmarks.csproj", "{67E505C3-110A-4608-A6EE-A3A33767B5D6}"
EndProject
Global
	GlobalSection(SolutionConfigurationPlatforms) = preSolution
		Debug|Any CPU = Debug|Any CPU
		Debug|x64 = Debug|x64
		Debug|x86 = Debug|x86
		Release|Any CPU = Release|Any CPU
		Release|x64 = Release|x64
		Release|x86 = Release|x86
	EndGlobalSection
	GlobalSection(ProjectConfigurationPlatforms) = postSolution
		{67164755-823F-4545-B0D3-612D3A47E16A}.Debug|Any CPU.ActiveCfg = Debug|Any CPU
		{67164755-823F-4545-B0D3-612D3A47E16A}.Debug|Any CPU.Build.0 = Debug|Any CPU
		{67164755-823F-4545-B0D3-612D3A47E16A}.Debug|x64.ActiveCfg = Debug|Any CPU
		{67164755-823F-4545-B0D3-612D3A47E16A}.Debug|x64.Build.0 = Debug|Any CPU
		{67164755-823F-4545-B0D3-612D3A47E16A}.Debug|x86.ActiveCfg = Debug|Any CPU
		{67164755-823F-4545-B0D3-612D3A47E16A}.Debug|x86.Build.0 = Debug|Any CPU
		{67164755-823F-4545-B0D3-612D3A47E16A}.Release|Any CPU.ActiveCfg = Release|Any CPU
		{67164755-823F-4545-B0D3-612D3A47E16A}.Release|Any CPU.Build.0 = Release|Any CPU
		{67164755-823F-4545-B0D3-612D3A47E16A}.Release|x64.ActiveCfg = Release|Any CPU
		{67164755-823F-4545-B0D3-612D3A47E16A}.Release|x64.Build.0 = Release|Any CPU
		{67164755-823F-4545-B0D3-612D3A47E16A}.Release|x86.ActiveCfg = Release|Any CPU
		{67164755-823F-4545-B0D3-612D3A47E16A}.Release|x86.Build.0 = Release|Any CPU
		{22C315E6-0EA1-4CC0-8F18-8F6310F2C6A3}.Debug|Any CPU.ActiveCfg = Debug|Any CPU
		{22C315E6-0EA1-4CC0-8F18-8F6310F2C6A3}.Debug|Any CPU.Build.0 = Debug|Any CPU
		{22C315E6-0EA1-4CC0-8F18-8F6310F2C6A3}.Debug|x64.ActiveCfg = Debug|Any CPU
		{22C315E6-0EA1-4CC0-8F18-8F6310F2C6A3}.Debug|x64.Build.0 = Debug|Any CPU
		{22C315E6-0EA1-4CC0-8F18-8F6310F2C6A3}.Debug|x86.ActiveCfg = Debug|Any CPU
		{22C315E6-0EA1-4CC0-8F18-8F6310F2C6A3}.Debug|x86.Build.0 = Debug|Any CPU
		{22C315E6-0EA1-4CC0-8F18-8F6310F2C6A3}.Release|Any CPU.ActiveCfg = Release|Any CPU
		{22C315E6-0EA1-4CC0-8F18-8F6310F2C6A3}.Release|Any CPU.Build.0 = Release|Any CPU
		{22C315E6-0EA1-4CC0-8F18-8F6310F2C6A3}.Release|x64.ActiveCfg = Release|Any CPU
		{22C315E6-0EA1-4CC0-8F18-8F6310F2C6A3}.Release|x64.Build.0 = Release|Any CPU
		{22C315E6-0EA1-4CC0-8F18-8F6310F2C6A3}.Release|x86.ActiveCfg = Release|Any CPU
		{22C315E6-0EA1-4CC0-8F18-8F6310F2C6A3}.Release|x86.Build.0 = Release|Any CPU
		{59465737-BC44-4301-B522-9BB6CB35824C}.Debug|Any CPU.ActiveCfg = Debug|Any CPU
		{59465737-BC44-4301-B522-9BB6CB35824C}.Debug|Any CPU.Build.0 = Debug|Any CPU
		{59465737-BC44-4301-B522-9BB6CB35824C}.Debug|x64.ActiveCfg = Debug|Any CPU
		{59465737-BC44-4301-B522-9BB6CB35824C}.Debug|x64.Build.0 = Debug|Any CPU
		{59465737-BC44-4301-B522-9BB6CB35824C}.Debug|x86.ActiveCfg = Debug|Any CPU
		{59465737-BC44-4301-B522-9BB6CB35824C}.Debug|x86.Build.0 = Debug|Any CPU
		{59465737-BC44-4301-B522-9BB6CB35824C}.Release|Any CPU.ActiveCfg = Release|Any CPU
		{59465737-BC44-4301-B522-9BB6CB35824C}.Release|Any CPU.Build.0 = Release|Any CPU
		{59465737-BC44-4301-B522-9BB6CB35824C}.Release|x64.ActiveCfg = Release|Any CPU
		{59465737-BC44-4301-B522-9BB6CB35824C}.Release|x64.Build.0 = Release|Any CPU
		{59465737-BC44-4301-B522-9BB6CB35824C}.Release|x86.ActiveCfg = Release|Any CPU
		{59465737-BC44-4301-B522-9BB6CB35824C}.Release|x86.Build.0 = Release|Any CPU
		{EBE90A6C-1973-4F3D-9067-D649E1865B32}.Debug|Any CPU.ActiveCfg = Debug|Any CPU
		{EBE90A6C-1973-4F3D-9067-D649E1865B32}.Debug|Any CPU.Build.0 = Debug|Any CPU
		{EBE90A6C-1973-4F3D-9067-D649E1865B32}.Debug|x64.ActiveCfg = Debug|Any CPU
		{EBE90A6C-1973-4F3D-9067-D649E1865B32}.Debug|x64.Build.0 = Debug|Any CPU
		{EBE90A6C-1973-4F3D-9067-D649E1865B32}.Debug|x86.ActiveCfg = Debug|Any CPU
		{EBE90A6C-1973-4F3D-9067-D649E1865B32}.Debug|x86.Build.0 = Debug|Any CPU
		{EBE90A6C-1973-4F3D-9067-D649E1865B32}.Release|Any CPU.ActiveCfg = Release|Any CPU
		{EBE90A6C-1973-4F3D-9067-D649E1865B32}.Release|Any CPU.Build.0 = Release|Any CPU
		{EBE90A6C-1973-4F3D-9067-D649E1865B32}.Release|x64.ActiveCfg = Release|Any CPU
		{EBE90A6C-1973-4F3D-9067-D649E1865B32}.Release|x64.Build.0 = Release|Any CPU
		{EBE90A6C-1973-4F3D-9067-D649E1865B32}.Release|x86.ActiveCfg = Release|Any CPU
		{EBE90A6C-1973-4F3D-9067-D649E1865B32}.Release|x86.Build.0 = Release|Any CPU
		{6FC83A39-62A2-4925-8BD4-D2FA43223121}.Debug|Any CPU.ActiveCfg = Debug|Any CPU
		{6FC83A39-62A2-4925-8BD4-D2FA43223121}.Debug|Any CPU.Build.0 = Debug|Any CPU
		{6FC83A39-62A2-4925-8BD4-D2FA43223121}.Debug|x64.ActiveCfg = Debug|Any CPU
		{6FC83A39-62A2-4925-8BD4-D2FA43223121}.Debug|x64.Build.0 = Debug|Any CPU
		{6FC83A39-62A2-4925-8BD4-D2FA43223121}.Debug|x86.ActiveCfg = Debug|Any CPU
		{6FC83A39-62A2-4925-8BD4-D2FA43223121}.Debug|x86.Build.0 = Debug|Any CPU
		{6FC83A39-62A2-4925-8BD4-D2FA43223121}.Release|Any CPU.ActiveCfg = Release|Any CPU
		{6FC83A39-62A2-4925-8BD4-D2FA43223121}.Release|Any CPU.Build.0 = Release|Any CPU
		{6FC83A39-62A2-4925-8BD4-D2FA43223121}.Release|x64.ActiveCfg = Release|Any CPU
		{6FC83A39-62A2-4925-8BD4-D2FA43223121}.Release|x64.Build.0 = Release|Any CPU
		{6FC83A39-62A2-4925-8BD4-D2FA43223121}.Release|x86.ActiveCfg = Release|Any CPU
		{6FC83A39-62A2-4925-8BD4-D2FA43223121}.Release|x86.Build.0 = Release|Any CPU
		{52493AEB-55BE-49C9-98DF-669533791DCF}.Debug|Any CPU.ActiveCfg = Debug|Any CPU
		{52493AEB-55BE-49C9-98DF-669533791DCF}.Debug|Any CPU.Build.0 = Debug|Any CPU
		{52493AEB-55BE-49C9-98DF-669533791DCF}.Debug|x64.ActiveCfg = Debug|Any CPU
		{52493AEB-55BE-49C9-98DF-669533791DCF}.Debug|x64.Build.0 = Debug|Any CPU
		{52493AEB-55BE-49C9-98DF-669533791DCF}.Debug|x86.ActiveCfg = Debug|Any CPU
		{52493AEB-55BE-49C9-98DF-669533791DCF}.Debug|x86.Build.0 = Debug|Any CPU
		{52493AEB-55BE-49C9-98DF-669533791DCF}.Release|Any CPU.ActiveCfg = Release|Any CPU
		{52493AEB-55BE-49C9-98DF-669533791DCF}.Release|Any CPU.Build.0 = Release|Any CPU
		{52493AEB-55BE-49C9-98DF-669533791DCF}.Release|x64.ActiveCfg = Release|Any CPU
		{52493AEB-55BE-49C9-98DF-669533791DCF}.Release|x64.Build.0 = Release|Any CPU
		{52493AEB-55BE-49C9-98DF-669533791DCF}.Release|x86.ActiveCfg = Release|Any CPU
		{52493AEB-55BE-49C9-98DF-669533791DCF}.Release|x86.Build.0 = Release|Any CPU
		{CD7DB175-712A-43E4-8A58-E8A98FB30F83}.Debug|Any CPU.ActiveCfg = Debug|Any CPU
		{CD7DB175-712A-43E4-8A58-E8A98FB30F83}.Debug|Any CPU.Build.0 = Debug|Any CPU
		{CD7DB175-712A-43E4-8A58-E8A98FB30F83}.Debug|x64.ActiveCfg = Debug|Any CPU
		{CD7DB175-712A-43E4-8A58-E8A98FB30F83}.Debug|x64.Build.0 = Debug|Any CPU
		{CD7DB175-712A-43E4-8A58-E8A98FB30F83}.Debug|x86.ActiveCfg = Debug|Any CPU
		{CD7DB175-712A-43E4-8A58-E8A98FB30F83}.Debug|x86.Build.0 = Debug|Any CPU
		{CD7DB175-712A-43E4-8A58-E8A98FB30F83}.Release|Any CPU.ActiveCfg = Release|Any CPU
		{CD7DB175-712A-43E4-8A58-E8A98FB30F83}.Release|Any CPU.Build.0 = Release|Any CPU
		{CD7DB175-712A-43E4-8A58-E8A98FB30F83}.Release|x64.ActiveCfg = Release|Any CPU
		{CD7DB175-712A-43E4-8A58-E8A98FB30F83}.Release|x64.Build.0 = Release|Any CPU
		{CD7DB175-712A-43E4-8A58-E8A98FB30F83}.Release|x86.ActiveCfg = Release|Any CPU
		{CD7DB175-712A-43E4-8A58-E8A98FB30F83}.Release|x86.Build.0 = Release|Any CPU
		{909ADBF3-867B-4FE7-9E9B-D501E2B86708}.Debug|Any CPU.ActiveCfg = Debug|Any CPU
		{909ADBF3-867B-4FE7-9E9B-D501E2B86708}.Debug|Any CPU.Build.0 = Debug|Any CPU
		{909ADBF3-867B-4FE7-9E9B-D501E2B86708}.Debug|x64.ActiveCfg = Debug|Any CPU
		{909ADBF3-867B-4FE7-9E9B-D501E2B86708}.Debug|x64.Build.0 = Debug|Any CPU
		{909ADBF3-867B-4FE7-9E9B-D501E2B86708}.Debug|x86.ActiveCfg = Debug|Any CPU
		{909ADBF3-867B-4FE7-9E9B-D501E2B86708}.Debug|x86.Build.0 = Debug|Any CPU
		{909ADBF3-867B-4FE7-9E9B-D501E2B86708}.Release|Any CPU.ActiveCfg = Release|Any CPU
		{909ADBF3-867B-4FE7-9E9B-D501E2B86708}.Release|Any CPU.Build.0 = Release|Any CPU
		{909ADBF3-867B-4FE7-9E9B-D501E2B86708}.Release|x64.ActiveCfg = Release|Any CPU
		{909ADBF3-867B-4FE7-9E9B-D501E2B86708}.Release|x64.Build.0 = Release|Any CPU
		{909ADBF3-867B-4FE7-9E9B-D501E2B86708}.Release|x86.ActiveCfg = Release|Any CPU
		{909ADBF3-867B-4FE7-9E9B-D501E2B86708}.Release|x86.Build.0 = Release|Any CPU
		{FCD2717E-3BE8-4CE7-B33C-DEDEA6530AEF}.Debug|Any CPU.ActiveCfg = Debug|Any CPU
		{FCD2717E-3BE8-4CE7-B33C-DEDEA6530AEF}.Debug|Any CPU.Build.0 = Debug|Any CPU
		{FCD2717E-3BE8-4CE7-B33C-DEDEA6530AEF}.Debug|x64.ActiveCfg = Debug|Any CPU
		{FCD2717E-3BE8-4CE7-B33C-DEDEA6530AEF}.Debug|x64.Build.0 = Debug|Any CPU
		{FCD2717E-3BE8-4CE7-B33C-DEDEA6530AEF}.Debug|x86.ActiveCfg = Debug|Any CPU
		{FCD2717E-3BE8-4CE7-B33C-DEDEA6530AEF}.Debug|x86.Build.0 = Debug|Any CPU
		{FCD2717E-3BE8-4CE7-B33C-DEDEA6530AEF}.Release|Any CPU.ActiveCfg = Release|Any CPU
		{FCD2717E-3BE8-4CE7-B33C-DEDEA6530AEF}.Release|Any CPU.Build.0 = Release|Any CPU
		{FCD2717E-3BE8-4CE7-B33C-DEDEA6530AEF}.Release|x64.ActiveCfg = Release|Any CPU
		{FCD2717E-3BE8-4CE7-B33C-DEDEA6530AEF}.Release|x64.Build.0 = Release|Any CPU
		{FCD2717E-3BE8-4CE7-B33C-DEDEA6530AEF}.Release|x86.ActiveCfg = Release|Any CPU
		{FCD2717E-3BE8-4CE7-B33C-DEDEA6530AEF}.Release|x86.Build.0 = Release|Any CPU
		{ED2B6991-19B6-4545-860A-139DA20D7699}.Debug|Any CPU.ActiveCfg = Debug|Any CPU
		{ED2B6991-19B6-4545-860A-139DA20D7699}.Debug|Any CPU.Build.0 = Debug|Any CPU
		{ED2B6991-19B6-4545-860A-139DA20D7699}.Debug|x64.ActiveCfg = Debug|Any CPU
		{ED2B6991-19B6-4545-860A-139DA20D7699}.Debug|x64.Build.0 = Debug|Any CPU
		{ED2B6991-19B6-4545-860A-139DA20D7699}.Debug|x86.ActiveCfg = Debug|Any CPU
		{ED2B6991-19B6-4545-860A-139DA20D7699}.Debug|x86.Build.0 = Debug|Any CPU
		{ED2B6991-19B6-4545-860A-139DA20D7699}.Release|Any CPU.ActiveCfg = Release|Any CPU
		{ED2B6991-19B6-4545-860A-139DA20D7699}.Release|Any CPU.Build.0 = Release|Any CPU
		{ED2B6991-19B6-4545-860A-139DA20D7699}.Release|x64.ActiveCfg = Release|Any CPU
		{ED2B6991-19B6-4545-860A-139DA20D7699}.Release|x64.Build.0 = Release|Any CPU
		{ED2B6991-19B6-4545-860A-139DA20D7699}.Release|x86.ActiveCfg = Release|Any CPU
		{ED2B6991-19B6-4545-860A-139DA20D7699}.Release|x86.Build.0 = Release|Any CPU
		{67E505C3-110A-4608-A6EE-A3A33767B5D6}.Debug|Any CPU.ActiveCfg = Debug|Any CPU
		{67E505C3-110A-4608-A6EE-A3A33767B5D6}.Debug|Any CPU.Build.0 = Debug|Any CPU
		{67E505C3-110A-4608-A6EE-A3A33767B5D6}.Debug|x64.ActiveCfg = Debug|Any CPU
		{67E505C3-110A-4608-A6EE-A3A33767B5D6}.Debug|x64.Build.0 = Debug|Any CPU
		{67E505C3-110A-4608-A6EE-A3A33767B5D6}.Debug|x86.ActiveCfg = Debug|Any CPU
		{67E505C3-110A-4608-A6EE-A3A33767B5D6}.Debug|x86.Build.0 = Debug|Any CPU
		{67E505C3-110A-4608-A6EE-A3A33767B5D6}.Release|Any CPU.ActiveCfg = Release|Any CPU
		{67E505C3-110A-4608-A6EE-A3A33767B5D6}.Release|Any CPU.Build.0 = Release|Any CPU
		{67E505C3-110A-4608-A6EE-A3A33767B5D6}.Release|x64.ActiveCfg = Release|Any CPU
		{67E505C3-110A-4608-A6EE-A3A33767B5D6}.Release|x64.Build.0 = Release|Any CPU
		{67E505C3-110A-4608-A6EE-A3A33767B5D6}.Release|x86.ActiveCfg = Release|Any CPU
		{67E505C3-110A-4608-A6EE-A3A33767B5D6}.Release|x86.Build.0 = Release|Any CPU
	EndGlobalSection
	GlobalSection(SolutionProperties) = preSolution
		HideSolutionNode = FALSE
	EndGlobalSection
	GlobalSection(NestedProjects) = preSolution
		{CD7DB175-712A-43E4-8A58-E8A98FB30F83} = {0AB3BF05-4346-4AA6-1389-037BE0695223}
		{909ADBF3-867B-4FE7-9E9B-D501E2B86708} = {0AB3BF05-4346-4AA6-1389-037BE0695223}
		{FCD2717E-3BE8-4CE7-B33C-DEDEA6530AEF} = {0AB3BF05-4346-4AA6-1389-037BE0695223}
		{ED2B6991-19B6-4545-860A-139DA20D7699} = {0AB3BF05-4346-4AA6-1389-037BE0695223}
	EndGlobalSection
	GlobalSection(ExtensibilityGlobals) = postSolution
		SolutionGuid = {32403485-0402-4CBC-B6FB-25998CA3A08B}
	EndGlobalSection
EndGlobal
